// !$*UTF8*$!
{
	archiveVersion = 1;
	classes = {
	};
	objectVersion = 46;
	objects = {

/* Begin PBXBuildFile section */
		B13953AA1960AC560066E180 /* Foundation.framework in Frameworks */ = {isa = PBXBuildFile; fileRef = B13953A91960AC560066E180 /* Foundation.framework */; };
		B13953AC1960AC560066E180 /* CoreGraphics.framework in Frameworks */ = {isa = PBXBuildFile; fileRef = B13953AB1960AC560066E180 /* CoreGraphics.framework */; };
		B13953AE1960AC560066E180 /* UIKit.framework in Frameworks */ = {isa = PBXBuildFile; fileRef = B13953AD1960AC560066E180 /* UIKit.framework */; };
		B13953B41960AC560066E180 /* InfoPlist.strings in Resources */ = {isa = PBXBuildFile; fileRef = B13953B21960AC560066E180 /* InfoPlist.strings */; };
		B13953B61960AC560066E180 /* main.m in Sources */ = {isa = PBXBuildFile; fileRef = B13953B51960AC560066E180 /* main.m */; };
		B13953BA1960AC560066E180 /* AppDelegate.m in Sources */ = {isa = PBXBuildFile; fileRef = B13953B91960AC560066E180 /* AppDelegate.m */; };
		B13953BD1960AC560066E180 /* Main.storyboard in Resources */ = {isa = PBXBuildFile; fileRef = B13953BB1960AC560066E180 /* Main.storyboard */; };
		B13953C51960AC560066E180 /* Images.xcassets in Resources */ = {isa = PBXBuildFile; fileRef = B13953C41960AC560066E180 /* Images.xcassets */; };
		B13953CC1960AC560066E180 /* XCTest.framework in Frameworks */ = {isa = PBXBuildFile; fileRef = B13953CB1960AC560066E180 /* XCTest.framework */; };
		B13953CD1960AC560066E180 /* Foundation.framework in Frameworks */ = {isa = PBXBuildFile; fileRef = B13953A91960AC560066E180 /* Foundation.framework */; };
		B13953CE1960AC560066E180 /* UIKit.framework in Frameworks */ = {isa = PBXBuildFile; fileRef = B13953AD1960AC560066E180 /* UIKit.framework */; };
		B13953D61960AC560066E180 /* InfoPlist.strings in Resources */ = {isa = PBXBuildFile; fileRef = B13953D41960AC560066E180 /* InfoPlist.strings */; };
		B13953D81960AC560066E180 /* Expense_TrackerTests.m in Sources */ = {isa = PBXBuildFile; fileRef = B13953D71960AC560066E180 /* Expense_TrackerTests.m */; };
		B13953E31960ACB70066E180 /* ExpensesTableViewController.m in Sources */ = {isa = PBXBuildFile; fileRef = B13953E21960ACB70066E180 /* ExpensesTableViewController.m */; };
		B13953E61960ADD50066E180 /* StartViewController.m in Sources */ = {isa = PBXBuildFile; fileRef = B13953E51960ADD50066E180 /* StartViewController.m */; };
		B13953E91960ADFA0066E180 /* ExpenseManager.m in Sources */ = {isa = PBXBuildFile; fileRef = B13953E81960ADFA0066E180 /* ExpenseManager.m */; };
		B13953EC1960AE1F0066E180 /* Expense.m in Sources */ = {isa = PBXBuildFile; fileRef = B13953EB1960AE1F0066E180 /* Expense.m */; };
		B15659AA19619F5E00CAE8D3 /* AddEntryViewController.m in Sources */ = {isa = PBXBuildFile; fileRef = B15659A919619F5E00CAE8D3 /* AddEntryViewController.m */; };
		B15659AE1961AC5B00CAE8D3 /* NSString+CommaFloatValue.m in Sources */ = {isa = PBXBuildFile; fileRef = B15659AD1961AC5B00CAE8D3 /* NSString+CommaFloatValue.m */; };
		B1804CFC19E08D15004FE169 /* Account.m in Sources */ = {isa = PBXBuildFile; fileRef = B1804CFB19E08D15004FE169 /* Account.m */; };
		B1804CFF19E090E1004FE169 /* AccountCell.m in Sources */ = {isa = PBXBuildFile; fileRef = B1804CFE19E090E1004FE169 /* AccountCell.m */; };
		B1804D0219E0A7AC004FE169 /* Launch.storyboard in Resources */ = {isa = PBXBuildFile; fileRef = B1804D0119E0A7AC004FE169 /* Launch.storyboard */; };
		B18E1512197B449500E756A6 /* SettingsViewController.m in Sources */ = {isa = PBXBuildFile; fileRef = B18E1511197B449500E756A6 /* SettingsViewController.m */; };
		B1A1F4661964A44E00F02CFC /* CompletionCircleView.m in Sources */ = {isa = PBXBuildFile; fileRef = B1A1F4651964A44E00F02CFC /* CompletionCircleView.m */; };
		B1E2E1C7197BA17E0024B421 /* Localizable.strings in Resources */ = {isa = PBXBuildFile; fileRef = B1E2E1C5197BA17E0024B421 /* Localizable.strings */; };
/* End PBXBuildFile section */

/* Begin PBXContainerItemProxy section */
		B13953CF1960AC560066E180 /* PBXContainerItemProxy */ = {
			isa = PBXContainerItemProxy;
			containerPortal = B139539E1960AC560066E180 /* Project object */;
			proxyType = 1;
			remoteGlobalIDString = B13953A51960AC560066E180;
			remoteInfo = "Expense Tracker";
		};
/* End PBXContainerItemProxy section */

/* Begin PBXFileReference section */
		B138B56719E1C338000489C4 /* en */ = {isa = PBXFileReference; lastKnownFileType = text.plist.strings; name = en; path = en.lproj/Main.strings; sourceTree = "<group>"; };
		B138B56919E1C33B000489C4 /* de */ = {isa = PBXFileReference; lastKnownFileType = text.plist.strings; name = de; path = de.lproj/Main.strings; sourceTree = "<group>"; };
		B13953A61960AC560066E180 /* Expenses.app */ = {isa = PBXFileReference; explicitFileType = wrapper.application; includeInIndex = 0; path = Expenses.app; sourceTree = BUILT_PRODUCTS_DIR; };
		B13953A91960AC560066E180 /* Foundation.framework */ = {isa = PBXFileReference; lastKnownFileType = wrapper.framework; name = Foundation.framework; path = System/Library/Frameworks/Foundation.framework; sourceTree = SDKROOT; };
		B13953AB1960AC560066E180 /* CoreGraphics.framework */ = {isa = PBXFileReference; lastKnownFileType = wrapper.framework; name = CoreGraphics.framework; path = System/Library/Frameworks/CoreGraphics.framework; sourceTree = SDKROOT; };
		B13953AD1960AC560066E180 /* UIKit.framework */ = {isa = PBXFileReference; lastKnownFileType = wrapper.framework; name = UIKit.framework; path = System/Library/Frameworks/UIKit.framework; sourceTree = SDKROOT; };
		B13953B11960AC560066E180 /* Expenses-Info.plist */ = {isa = PBXFileReference; lastKnownFileType = text.plist.xml; path = "Expenses-Info.plist"; sourceTree = "<group>"; };
		B13953B31960AC560066E180 /* en */ = {isa = PBXFileReference; lastKnownFileType = text.plist.strings; name = en; path = en.lproj/InfoPlist.strings; sourceTree = "<group>"; };
		B13953B51960AC560066E180 /* main.m */ = {isa = PBXFileReference; lastKnownFileType = sourcecode.c.objc; path = main.m; sourceTree = "<group>"; };
		B13953B71960AC560066E180 /* Expenses-Prefix.pch */ = {isa = PBXFileReference; lastKnownFileType = sourcecode.c.h; path = "Expenses-Prefix.pch"; sourceTree = "<group>"; };
		B13953B81960AC560066E180 /* AppDelegate.h */ = {isa = PBXFileReference; lastKnownFileType = sourcecode.c.h; path = AppDelegate.h; sourceTree = "<group>"; };
		B13953B91960AC560066E180 /* AppDelegate.m */ = {isa = PBXFileReference; lastKnownFileType = sourcecode.c.objc; path = AppDelegate.m; sourceTree = "<group>"; };
		B13953BC1960AC560066E180 /* Base */ = {isa = PBXFileReference; lastKnownFileType = file.storyboard; name = Base; path = Base.lproj/Main.storyboard; sourceTree = "<group>"; };
		B13953C41960AC560066E180 /* Images.xcassets */ = {isa = PBXFileReference; lastKnownFileType = folder.assetcatalog; path = Images.xcassets; sourceTree = "<group>"; };
		B13953CA1960AC560066E180 /* ExpensesTests.xctest */ = {isa = PBXFileReference; explicitFileType = wrapper.cfbundle; includeInIndex = 0; path = ExpensesTests.xctest; sourceTree = BUILT_PRODUCTS_DIR; };
		B13953CB1960AC560066E180 /* XCTest.framework */ = {isa = PBXFileReference; lastKnownFileType = wrapper.framework; name = XCTest.framework; path = Library/Frameworks/XCTest.framework; sourceTree = DEVELOPER_DIR; };
		B13953D31960AC560066E180 /* ExpensesTests-Info.plist */ = {isa = PBXFileReference; lastKnownFileType = text.plist.xml; path = "ExpensesTests-Info.plist"; sourceTree = "<group>"; };
		B13953D51960AC560066E180 /* en */ = {isa = PBXFileReference; lastKnownFileType = text.plist.strings; name = en; path = en.lproj/InfoPlist.strings; sourceTree = "<group>"; };
		B13953D71960AC560066E180 /* Expense_TrackerTests.m */ = {isa = PBXFileReference; lastKnownFileType = sourcecode.c.objc; path = Expense_TrackerTests.m; sourceTree = "<group>"; };
		B13953E11960ACB70066E180 /* ExpensesTableViewController.h */ = {isa = PBXFileReference; fileEncoding = 4; lastKnownFileType = sourcecode.c.h; name = ExpensesTableViewController.h; path = ../ExpensesTableViewController.h; sourceTree = "<group>"; };
		B13953E21960ACB70066E180 /* ExpensesTableViewController.m */ = {isa = PBXFileReference; fileEncoding = 4; lastKnownFileType = sourcecode.c.objc; name = ExpensesTableViewController.m; path = ../ExpensesTableViewController.m; sourceTree = "<group>"; };
		B13953E41960ADD50066E180 /* StartViewController.h */ = {isa = PBXFileReference; fileEncoding = 4; lastKnownFileType = sourcecode.c.h; path = StartViewController.h; sourceTree = "<group>"; };
		B13953E51960ADD50066E180 /* StartViewController.m */ = {isa = PBXFileReference; fileEncoding = 4; lastKnownFileType = sourcecode.c.objc; path = StartViewController.m; sourceTree = "<group>"; };
		B13953E71960ADFA0066E180 /* ExpenseManager.h */ = {isa = PBXFileReference; fileEncoding = 4; lastKnownFileType = sourcecode.c.h; path = ExpenseManager.h; sourceTree = "<group>"; };
		B13953E81960ADFA0066E180 /* ExpenseManager.m */ = {isa = PBXFileReference; fileEncoding = 4; lastKnownFileType = sourcecode.c.objc; path = ExpenseManager.m; sourceTree = "<group>"; };
		B13953EA1960AE1F0066E180 /* Expense.h */ = {isa = PBXFileReference; fileEncoding = 4; lastKnownFileType = sourcecode.c.h; path = Expense.h; sourceTree = "<group>"; };
		B13953EB1960AE1F0066E180 /* Expense.m */ = {isa = PBXFileReference; fileEncoding = 4; lastKnownFileType = sourcecode.c.objc; path = Expense.m; sourceTree = "<group>"; };
		B15659A819619F5E00CAE8D3 /* AddEntryViewController.h */ = {isa = PBXFileReference; fileEncoding = 4; lastKnownFileType = sourcecode.c.h; path = AddEntryViewController.h; sourceTree = "<group>"; };
		B15659A919619F5E00CAE8D3 /* AddEntryViewController.m */ = {isa = PBXFileReference; fileEncoding = 4; lastKnownFileType = sourcecode.c.objc; path = AddEntryViewController.m; sourceTree = "<group>"; };
		B15659AC1961AC5B00CAE8D3 /* NSString+CommaFloatValue.h */ = {isa = PBXFileReference; fileEncoding = 4; lastKnownFileType = sourcecode.c.h; path = "NSString+CommaFloatValue.h"; sourceTree = "<group>"; };
		B15659AD1961AC5B00CAE8D3 /* NSString+CommaFloatValue.m */ = {isa = PBXFileReference; fileEncoding = 4; lastKnownFileType = sourcecode.c.objc; path = "NSString+CommaFloatValue.m"; sourceTree = "<group>"; };
		B1804CFA19E08D15004FE169 /* Account.h */ = {isa = PBXFileReference; fileEncoding = 4; lastKnownFileType = sourcecode.c.h; path = Account.h; sourceTree = "<group>"; };
		B1804CFB19E08D15004FE169 /* Account.m */ = {isa = PBXFileReference; fileEncoding = 4; lastKnownFileType = sourcecode.c.objc; path = Account.m; sourceTree = "<group>"; };
		B1804CFD19E090E1004FE169 /* AccountCell.h */ = {isa = PBXFileReference; fileEncoding = 4; lastKnownFileType = sourcecode.c.h; path = AccountCell.h; sourceTree = "<group>"; };
		B1804CFE19E090E1004FE169 /* AccountCell.m */ = {isa = PBXFileReference; fileEncoding = 4; lastKnownFileType = sourcecode.c.objc; path = AccountCell.m; sourceTree = "<group>"; };
		B1804D0019E09402004FE169 /* StaticValues.h */ = {isa = PBXFileReference; lastKnownFileType = sourcecode.c.h; path = StaticValues.h; sourceTree = "<group>"; };
		B1804D0119E0A7AC004FE169 /* Launch.storyboard */ = {isa = PBXFileReference; fileEncoding = 4; lastKnownFileType = file.storyboard; path = Launch.storyboard; sourceTree = "<group>"; };
		B18E1510197B449500E756A6 /* SettingsViewController.h */ = {isa = PBXFileReference; fileEncoding = 4; lastKnownFileType = sourcecode.c.h; path = SettingsViewController.h; sourceTree = "<group>"; };
		B18E1511197B449500E756A6 /* SettingsViewController.m */ = {isa = PBXFileReference; fileEncoding = 4; lastKnownFileType = sourcecode.c.objc; path = SettingsViewController.m; sourceTree = "<group>"; };
		B1A1F4641964A44E00F02CFC /* CompletionCircleView.h */ = {isa = PBXFileReference; fileEncoding = 4; lastKnownFileType = sourcecode.c.h; path = CompletionCircleView.h; sourceTree = "<group>"; };
		B1A1F4651964A44E00F02CFC /* CompletionCircleView.m */ = {isa = PBXFileReference; fileEncoding = 4; lastKnownFileType = sourcecode.c.objc; path = CompletionCircleView.m; sourceTree = "<group>"; };
		B1C1D12D199B7E4A00FC886E /* es */ = {isa = PBXFileReference; lastKnownFileType = text.plist.strings; name = es; path = es.lproj/Main.strings; sourceTree = "<group>"; };
		B1C1D12E199B7E4B00FC886E /* es */ = {isa = PBXFileReference; lastKnownFileType = text.plist.strings; name = es; path = es.lproj/Localizable.strings; sourceTree = "<group>"; };
		B1C1D12F199B7E4B00FC886E /* es */ = {isa = PBXFileReference; lastKnownFileType = text.plist.strings; name = es; path = es.lproj/InfoPlist.strings; sourceTree = "<group>"; };
		B1C1D130199B7E4B00FC886E /* es */ = {isa = PBXFileReference; lastKnownFileType = text.plist.strings; name = es; path = es.lproj/InfoPlist.strings; sourceTree = "<group>"; };
		B1E2E1C2197B9FFC0024B421 /* de */ = {isa = PBXFileReference; lastKnownFileType = text.plist.strings; name = de; path = de.lproj/InfoPlist.strings; sourceTree = "<group>"; };
		B1E2E1C3197B9FFC0024B421 /* de */ = {isa = PBXFileReference; lastKnownFileType = text.plist.strings; name = de; path = de.lproj/InfoPlist.strings; sourceTree = "<group>"; };
		B1E2E1C6197BA17E0024B421 /* de */ = {isa = PBXFileReference; lastKnownFileType = text.plist.strings; name = de; path = "Expense Tracker/de.lproj/Localizable.strings"; sourceTree = "<group>"; };
		B1E2E1D0197BA2670024B421 /* en */ = {isa = PBXFileReference; lastKnownFileType = text.plist.strings; name = en; path = en.lproj/Localizable.strings; sourceTree = "<group>"; };
/* End PBXFileReference section */

/* Begin PBXFrameworksBuildPhase section */
		B13953A31960AC560066E180 /* Frameworks */ = {
			isa = PBXFrameworksBuildPhase;
			buildActionMask = 2147483647;
			files = (
				B13953AC1960AC560066E180 /* CoreGraphics.framework in Frameworks */,
				B13953AE1960AC560066E180 /* UIKit.framework in Frameworks */,
				B13953AA1960AC560066E180 /* Foundation.framework in Frameworks */,
			);
			runOnlyForDeploymentPostprocessing = 0;
		};
		B13953C71960AC560066E180 /* Frameworks */ = {
			isa = PBXFrameworksBuildPhase;
			buildActionMask = 2147483647;
			files = (
				B13953CC1960AC560066E180 /* XCTest.framework in Frameworks */,
				B13953CE1960AC560066E180 /* UIKit.framework in Frameworks */,
				B13953CD1960AC560066E180 /* Foundation.framework in Frameworks */,
			);
			runOnlyForDeploymentPostprocessing = 0;
		};
/* End PBXFrameworksBuildPhase section */

/* Begin PBXGroup section */
		B1047CF21982AA88008DD769 /* Views */ = {
			isa = PBXGroup;
			children = (
				B1804CFD19E090E1004FE169 /* AccountCell.h */,
				B1804CFE19E090E1004FE169 /* AccountCell.m */,
				B1A1F4641964A44E00F02CFC /* CompletionCircleView.h */,
				B1A1F4651964A44E00F02CFC /* CompletionCircleView.m */,
			);
			name = Views;
			sourceTree = "<group>";
		};
		B139539D1960AC560066E180 = {
			isa = PBXGroup;
			children = (
				B13953AF1960AC560066E180 /* Expense Tracker */,
				B13953D11960AC560066E180 /* Expense TrackerTests */,
				B13953A81960AC560066E180 /* Frameworks */,
				B13953A71960AC560066E180 /* Products */,
			);
			sourceTree = "<group>";
		};
		B13953A71960AC560066E180 /* Products */ = {
			isa = PBXGroup;
			children = (
				B13953A61960AC560066E180 /* Expenses.app */,
				B13953CA1960AC560066E180 /* ExpensesTests.xctest */,
			);
			name = Products;
			sourceTree = "<group>";
		};
		B13953A81960AC560066E180 /* Frameworks */ = {
			isa = PBXGroup;
			children = (
				B13953A91960AC560066E180 /* Foundation.framework */,
				B13953AB1960AC560066E180 /* CoreGraphics.framework */,
				B13953AD1960AC560066E180 /* UIKit.framework */,
				B13953CB1960AC560066E180 /* XCTest.framework */,
			);
			name = Frameworks;
			sourceTree = "<group>";
		};
		B13953AF1960AC560066E180 /* Expense Tracker */ = {
			isa = PBXGroup;
			children = (
				B13953B81960AC560066E180 /* AppDelegate.h */,
				B13953B91960AC560066E180 /* AppDelegate.m */,
				B13953BB1960AC560066E180 /* Main.storyboard */,
				B1804D0119E0A7AC004FE169 /* Launch.storyboard */,
				B1804D0019E09402004FE169 /* StaticValues.h */,
				B15659AF1961AC6300CAE8D3 /* Categories */,
				B15659AB19619F6E00CAE8D3 /* View Controller */,
				B13953ED1960AE270066E180 /* Model */,
				B13953C41960AC560066E180 /* Images.xcassets */,
				B13953B01960AC560066E180 /* Supporting Files */,
			);
			path = "Expense Tracker";
			sourceTree = "<group>";
		};
		B13953B01960AC560066E180 /* Supporting Files */ = {
			isa = PBXGroup;
			children = (
				B1E2E1C5197BA17E0024B421 /* Localizable.strings */,
				B13953B11960AC560066E180 /* Expenses-Info.plist */,
				B13953B21960AC560066E180 /* InfoPlist.strings */,
				B13953B51960AC560066E180 /* main.m */,
				B13953B71960AC560066E180 /* Expenses-Prefix.pch */,
			);
			name = "Supporting Files";
			sourceTree = "<group>";
		};
		B13953D11960AC560066E180 /* Expense TrackerTests */ = {
			isa = PBXGroup;
			children = (
				B13953D71960AC560066E180 /* Expense_TrackerTests.m */,
				B13953D21960AC560066E180 /* Supporting Files */,
			);
			path = "Expense TrackerTests";
			sourceTree = "<group>";
		};
		B13953D21960AC560066E180 /* Supporting Files */ = {
			isa = PBXGroup;
			children = (
				B13953D31960AC560066E180 /* ExpensesTests-Info.plist */,
				B13953D41960AC560066E180 /* InfoPlist.strings */,
			);
			name = "Supporting Files";
			sourceTree = "<group>";
		};
		B13953ED1960AE270066E180 /* Model */ = {
			isa = PBXGroup;
			children = (
				B13953EA1960AE1F0066E180 /* Expense.h */,
				B13953EB1960AE1F0066E180 /* Expense.m */,
				B1804CFA19E08D15004FE169 /* Account.h */,
				B1804CFB19E08D15004FE169 /* Account.m */,
				B13953E71960ADFA0066E180 /* ExpenseManager.h */,
				B13953E81960ADFA0066E180 /* ExpenseManager.m */,
			);
			name = Model;
			sourceTree = "<group>";
		};
		B15659AB19619F6E00CAE8D3 /* View Controller */ = {
			isa = PBXGroup;
			children = (
				B1047CF21982AA88008DD769 /* Views */,
				B13953E41960ADD50066E180 /* StartViewController.h */,
				B13953E51960ADD50066E180 /* StartViewController.m */,
				B15659A819619F5E00CAE8D3 /* AddEntryViewController.h */,
				B15659A919619F5E00CAE8D3 /* AddEntryViewController.m */,
				B13953E11960ACB70066E180 /* ExpensesTableViewController.h */,
				B13953E21960ACB70066E180 /* ExpensesTableViewController.m */,
				B18E1510197B449500E756A6 /* SettingsViewController.h */,
				B18E1511197B449500E756A6 /* SettingsViewController.m */,
			);
			name = "View Controller";
			sourceTree = "<group>";
		};
		B15659AF1961AC6300CAE8D3 /* Categories */ = {
			isa = PBXGroup;
			children = (
				B15659AC1961AC5B00CAE8D3 /* NSString+CommaFloatValue.h */,
				B15659AD1961AC5B00CAE8D3 /* NSString+CommaFloatValue.m */,
			);
			name = Categories;
			sourceTree = "<group>";
		};
/* End PBXGroup section */

/* Begin PBXNativeTarget section */
		B13953A51960AC560066E180 /* Expenses */ = {
			isa = PBXNativeTarget;
			buildConfigurationList = B13953DB1960AC560066E180 /* Build configuration list for PBXNativeTarget "Expenses" */;
			buildPhases = (
				B13953A21960AC560066E180 /* Sources */,
				B13953A31960AC560066E180 /* Frameworks */,
				B13953A41960AC560066E180 /* Resources */,
			);
			buildRules = (
			);
			dependencies = (
			);
			name = Expenses;
			productName = "Expense Tracker";
			productReference = B13953A61960AC560066E180 /* Expenses.app */;
			productType = "com.apple.product-type.application";
		};
		B13953C91960AC560066E180 /* ExpensesTests */ = {
			isa = PBXNativeTarget;
			buildConfigurationList = B13953DE1960AC560066E180 /* Build configuration list for PBXNativeTarget "ExpensesTests" */;
			buildPhases = (
				B13953C61960AC560066E180 /* Sources */,
				B13953C71960AC560066E180 /* Frameworks */,
				B13953C81960AC560066E180 /* Resources */,
			);
			buildRules = (
			);
			dependencies = (
				B13953D01960AC560066E180 /* PBXTargetDependency */,
			);
			name = ExpensesTests;
			productName = "Expense TrackerTests";
			productReference = B13953CA1960AC560066E180 /* ExpensesTests.xctest */;
			productType = "com.apple.product-type.bundle.unit-test";
		};
/* End PBXNativeTarget section */

/* Begin PBXProject section */
		B139539E1960AC560066E180 /* Project object */ = {
			isa = PBXProject;
			attributes = {
				LastUpgradeCheck = 0510;
				ORGANIZATIONNAME = "Hendrik Noeller";
				TargetAttributes = {
					B13953A51960AC560066E180 = {
						DevelopmentTeam = RX98DMF4TJ;
					};
					B13953C91960AC560066E180 = {
						TestTargetID = B13953A51960AC560066E180;
					};
				};
			};
			buildConfigurationList = B13953A11960AC560066E180 /* Build configuration list for PBXProject "Expenses" */;
			compatibilityVersion = "Xcode 3.2";
			developmentRegion = English;
			hasScannedForEncodings = 0;
			knownRegions = (
				en,
				Base,
				de,
				es,
			);
			mainGroup = B139539D1960AC560066E180;
			productRefGroup = B13953A71960AC560066E180 /* Products */;
			projectDirPath = "";
			projectRoot = "";
			targets = (
				B13953A51960AC560066E180 /* Expenses */,
				B13953C91960AC560066E180 /* ExpensesTests */,
			);
		};
/* End PBXProject section */

/* Begin PBXResourcesBuildPhase section */
		B13953A41960AC560066E180 /* Resources */ = {
			isa = PBXResourcesBuildPhase;
			buildActionMask = 2147483647;
			files = (
				B13953C51960AC560066E180 /* Images.xcassets in Resources */,
				B1804D0219E0A7AC004FE169 /* Launch.storyboard in Resources */,
				B1E2E1C7197BA17E0024B421 /* Localizable.strings in Resources */,
				B13953BD1960AC560066E180 /* Main.storyboard in Resources */,
				B13953B41960AC560066E180 /* InfoPlist.strings in Resources */,
			);
			runOnlyForDeploymentPostprocessing = 0;
		};
		B13953C81960AC560066E180 /* Resources */ = {
			isa = PBXResourcesBuildPhase;
			buildActionMask = 2147483647;
			files = (
				B13953D61960AC560066E180 /* InfoPlist.strings in Resources */,
			);
			runOnlyForDeploymentPostprocessing = 0;
		};
/* End PBXResourcesBuildPhase section */

/* Begin PBXSourcesBuildPhase section */
		B13953A21960AC560066E180 /* Sources */ = {
			isa = PBXSourcesBuildPhase;
			buildActionMask = 2147483647;
			files = (
				B13953BA1960AC560066E180 /* AppDelegate.m in Sources */,
				B13953E91960ADFA0066E180 /* ExpenseManager.m in Sources */,
				B1A1F4661964A44E00F02CFC /* CompletionCircleView.m in Sources */,
				B13953EC1960AE1F0066E180 /* Expense.m in Sources */,
				B13953E61960ADD50066E180 /* StartViewController.m in Sources */,
				B1804CFF19E090E1004FE169 /* AccountCell.m in Sources */,
				B13953E31960ACB70066E180 /* ExpensesTableViewController.m in Sources */,
				B15659AA19619F5E00CAE8D3 /* AddEntryViewController.m in Sources */,
				B18E1512197B449500E756A6 /* SettingsViewController.m in Sources */,
				B13953B61960AC560066E180 /* main.m in Sources */,
				B1804CFC19E08D15004FE169 /* Account.m in Sources */,
				B15659AE1961AC5B00CAE8D3 /* NSString+CommaFloatValue.m in Sources */,
			);
			runOnlyForDeploymentPostprocessing = 0;
		};
		B13953C61960AC560066E180 /* Sources */ = {
			isa = PBXSourcesBuildPhase;
			buildActionMask = 2147483647;
			files = (
				B13953D81960AC560066E180 /* Expense_TrackerTests.m in Sources */,
			);
			runOnlyForDeploymentPostprocessing = 0;
		};
/* End PBXSourcesBuildPhase section */

/* Begin PBXTargetDependency section */
		B13953D01960AC560066E180 /* PBXTargetDependency */ = {
			isa = PBXTargetDependency;
			target = B13953A51960AC560066E180 /* Expenses */;
			targetProxy = B13953CF1960AC560066E180 /* PBXContainerItemProxy */;
		};
/* End PBXTargetDependency section */

/* Begin PBXVariantGroup section */
		B13953B21960AC560066E180 /* InfoPlist.strings */ = {
			isa = PBXVariantGroup;
			children = (
				B13953B31960AC560066E180 /* en */,
				B1E2E1C2197B9FFC0024B421 /* de */,
				B1C1D12F199B7E4B00FC886E /* es */,
			);
			name = InfoPlist.strings;
			sourceTree = "<group>";
		};
		B13953BB1960AC560066E180 /* Main.storyboard */ = {
			isa = PBXVariantGroup;
			children = (
				B13953BC1960AC560066E180 /* Base */,
				B1C1D12D199B7E4A00FC886E /* es */,
				B138B56719E1C338000489C4 /* en */,
				B138B56919E1C33B000489C4 /* de */,
			);
			name = Main.storyboard;
			sourceTree = "<group>";
		};
		B13953D41960AC560066E180 /* InfoPlist.strings */ = {
			isa = PBXVariantGroup;
			children = (
				B13953D51960AC560066E180 /* en */,
				B1E2E1C3197B9FFC0024B421 /* de */,
				B1C1D130199B7E4B00FC886E /* es */,
			);
			name = InfoPlist.strings;
			sourceTree = "<group>";
		};
		B1E2E1C5197BA17E0024B421 /* Localizable.strings */ = {
			isa = PBXVariantGroup;
			children = (
				B1E2E1C6197BA17E0024B421 /* de */,
				B1E2E1D0197BA2670024B421 /* en */,
				B1C1D12E199B7E4B00FC886E /* es */,
			);
			name = Localizable.strings;
			path = ..;
			sourceTree = "<group>";
		};
/* End PBXVariantGroup section */

/* Begin XCBuildConfiguration section */
		B13953D91960AC560066E180 /* Debug */ = {
			isa = XCBuildConfiguration;
			buildSettings = {
				ALWAYS_SEARCH_USER_PATHS = NO;
				CLANG_CXX_LANGUAGE_STANDARD = "gnu++0x";
				CLANG_CXX_LIBRARY = "libc++";
				CLANG_ENABLE_MODULES = YES;
				CLANG_ENABLE_OBJC_ARC = YES;
				CLANG_WARN_BOOL_CONVERSION = YES;
				CLANG_WARN_CONSTANT_CONVERSION = YES;
				CLANG_WARN_DIRECT_OBJC_ISA_USAGE = YES_ERROR;
				CLANG_WARN_EMPTY_BODY = YES;
				CLANG_WARN_ENUM_CONVERSION = YES;
				CLANG_WARN_INT_CONVERSION = YES;
				CLANG_WARN_OBJC_ROOT_CLASS = YES_ERROR;
				CLANG_WARN__DUPLICATE_METHOD_MATCH = YES;
				"CODE_SIGN_IDENTITY[sdk=iphoneos*]" = "iPhone Developer";
				COPY_PHASE_STRIP = NO;
				GCC_C_LANGUAGE_STANDARD = gnu99;
				GCC_DYNAMIC_NO_PIC = NO;
				GCC_OPTIMIZATION_LEVEL = 0;
				GCC_PREPROCESSOR_DEFINITIONS = (
					"DEBUG=1",
					"$(inherited)",
				);
				GCC_SYMBOLS_PRIVATE_EXTERN = NO;
				GCC_WARN_64_TO_32_BIT_CONVERSION = YES;
				GCC_WARN_ABOUT_RETURN_TYPE = YES_ERROR;
				GCC_WARN_UNDECLARED_SELECTOR = YES;
				GCC_WARN_UNINITIALIZED_AUTOS = YES_AGGRESSIVE;
				GCC_WARN_UNUSED_FUNCTION = YES;
				GCC_WARN_UNUSED_VARIABLE = YES;
				IPHONEOS_DEPLOYMENT_TARGET = 7.1;
				ONLY_ACTIVE_ARCH = YES;
				SDKROOT = iphoneos;
				TARGETED_DEVICE_FAMILY = "1,2";
			};
			name = Debug;
		};
		B13953DA1960AC560066E180 /* Release */ = {
			isa = XCBuildConfiguration;
			buildSettings = {
				ALWAYS_SEARCH_USER_PATHS = NO;
				CLANG_CXX_LANGUAGE_STANDARD = "gnu++0x";
				CLANG_CXX_LIBRARY = "libc++";
				CLANG_ENABLE_MODULES = YES;
				CLANG_ENABLE_OBJC_ARC = YES;
				CLANG_WARN_BOOL_CONVERSION = YES;
				CLANG_WARN_CONSTANT_CONVERSION = YES;
				CLANG_WARN_DIRECT_OBJC_ISA_USAGE = YES_ERROR;
				CLANG_WARN_EMPTY_BODY = YES;
				CLANG_WARN_ENUM_CONVERSION = YES;
				CLANG_WARN_INT_CONVERSION = YES;
				CLANG_WARN_OBJC_ROOT_CLASS = YES_ERROR;
				CLANG_WARN__DUPLICATE_METHOD_MATCH = YES;
				"CODE_SIGN_IDENTITY[sdk=iphoneos*]" = "iPhone Developer";
				COPY_PHASE_STRIP = YES;
				ENABLE_NS_ASSERTIONS = NO;
				GCC_C_LANGUAGE_STANDARD = gnu99;
				GCC_WARN_64_TO_32_BIT_CONVERSION = YES;
				GCC_WARN_ABOUT_RETURN_TYPE = YES_ERROR;
				GCC_WARN_UNDECLARED_SELECTOR = YES;
				GCC_WARN_UNINITIALIZED_AUTOS = YES_AGGRESSIVE;
				GCC_WARN_UNUSED_FUNCTION = YES;
				GCC_WARN_UNUSED_VARIABLE = YES;
				IPHONEOS_DEPLOYMENT_TARGET = 7.1;
				SDKROOT = iphoneos;
				TARGETED_DEVICE_FAMILY = "1,2";
				VALIDATE_PRODUCT = YES;
			};
			name = Release;
		};
		B13953DC1960AC560066E180 /* Debug */ = {
			isa = XCBuildConfiguration;
			buildSettings = {
				ASSETCATALOG_COMPILER_APPICON_NAME = AppIcon;
				CODE_SIGN_IDENTITY = "iPhone Developer";
				GCC_PRECOMPILE_PREFIX_HEADER = YES;
				GCC_PREFIX_HEADER = "Expense Tracker/Expenses-Prefix.pch";
				INFOPLIST_FILE = "Expense Tracker/Expenses-Info.plist";
				IPHONEOS_DEPLOYMENT_TARGET = 8.0;
				PRODUCT_NAME = Expenses;
				TARGETED_DEVICE_FAMILY = 1;
				WRAPPER_EXTENSION = app;
			};
			name = Debug;
		};
		B13953DD1960AC560066E180 /* Release */ = {
			isa = XCBuildConfiguration;
			buildSettings = {
				ASSETCATALOG_COMPILER_APPICON_NAME = AppIcon;
				CODE_SIGN_IDENTITY = "iPhone Developer";
				GCC_PRECOMPILE_PREFIX_HEADER = YES;
				GCC_PREFIX_HEADER = "Expense Tracker/Expenses-Prefix.pch";
				INFOPLIST_FILE = "Expense Tracker/Expenses-Info.plist";
				IPHONEOS_DEPLOYMENT_TARGET = 8.0;
				PRODUCT_NAME = Expenses;
				TARGETED_DEVICE_FAMILY = 1;
				WRAPPER_EXTENSION = app;
			};
			name = Release;
		};
		B13953DF1960AC560066E180 /* Debug */ = {
			isa = XCBuildConfiguration;
			buildSettings = {
				BUNDLE_LOADER = "$(BUILT_PRODUCTS_DIR)/Expense Tracker.app/Expense Tracker";
				FRAMEWORK_SEARCH_PATHS = (
					"$(SDKROOT)/Developer/Library/Frameworks",
					"$(inherited)",
					"$(DEVELOPER_FRAMEWORKS_DIR)",
				);
				GCC_PRECOMPILE_PREFIX_HEADER = YES;
				GCC_PREFIX_HEADER = "Expense Tracker/Expense Tracker-Prefix.pch";
				GCC_PREPROCESSOR_DEFINITIONS = (
					"DEBUG=1",
					"$(inherited)",
				);
				INFOPLIST_FILE = "Expense TrackerTests/ExpensesTests-Info.plist";
				PRODUCT_NAME = ExpensesTests;
				TEST_HOST = "$(BUNDLE_LOADER)";
				WRAPPER_EXTENSION = xctest;
			};
			name = Debug;
		};
		B13953E01960AC560066E180 /* Release */ = {
			isa = XCBuildConfiguration;
			buildSettings = {
				BUNDLE_LOADER = "$(BUILT_PRODUCTS_DIR)/Expense Tracker.app/Expense Tracker";
				FRAMEWORK_SEARCH_PATHS = (
					"$(SDKROOT)/Developer/Library/Frameworks",
					"$(inherited)",
					"$(DEVELOPER_FRAMEWORKS_DIR)",
				);
				GCC_PRECOMPILE_PREFIX_HEADER = YES;
				GCC_PREFIX_HEADER = "Expense Tracker/Expense Tracker-Prefix.pch";
				INFOPLIST_FILE = "Expense TrackerTests/ExpensesTests-Info.plist";
				PRODUCT_NAME = ExpensesTests;
				TEST_HOST = "$(BUNDLE_LOADER)";
				WRAPPER_EXTENSION = xctest;
			};
			name = Release;
		};
/* End XCBuildConfiguration section */

/* Begin XCConfigurationList section */
		B13953A11960AC560066E180 /* Build configuration list for PBXProject "Expenses" */ = {
			isa = XCConfigurationList;
			buildConfigurations = (
				B13953D91960AC560066E180 /* Debug */,
				B13953DA1960AC560066E180 /* Release */,
			);
			defaultConfigurationIsVisible = 0;
			defaultConfigurationName = Release;
		};
		B13953DB1960AC560066E180 /* Build configuration list for PBXNativeTarget "Expenses" */ = {
			isa = XCConfigurationList;
			buildConfigurations = (
				B13953DC1960AC560066E180 /* Debug */,
				B13953DD1960AC560066E180 /* Release */,
			);
			defaultConfigurationIsVisible = 0;
			defaultConfigurationName = Release;
		};
		B13953DE1960AC560066E180 /* Build configuration list for PBXNativeTarget "ExpensesTests" */ = {
			isa = XCConfigurationList;
			buildConfigurations = (
				B13953DF1960AC560066E180 /* Debug */,
				B13953E01960AC560066E180 /* Release */,
			);
			defaultConfigurationIsVisible = 0;
			defaultConfigurationName = Release;
		};
/* End XCConfigurationList section */
	};
	rootObject = B139539E1960AC560066E180 /* Project object */;
}
